// !$*UTF8*$!
{
	archiveVersion = 1;
	classes = {
	};
	objectVersion = 46;
	objects = {

/* Begin PBXBuildFile section */
		FAE262221F0D3F3300CE3551 /* AppDelegate.swift in Sources */ = {isa = PBXBuildFile; fileRef = FAE262211F0D3F3300CE3551 /* AppDelegate.swift */; };
		FAE262271F0D3F3300CE3551 /* Main.storyboard in Resources */ = {isa = PBXBuildFile; fileRef = FAE262251F0D3F3300CE3551 /* Main.storyboard */; };
		FAE262291F0D3F3300CE3551 /* Assets.xcassets in Resources */ = {isa = PBXBuildFile; fileRef = FAE262281F0D3F3300CE3551 /* Assets.xcassets */; };
		FAE2622C1F0D3F3300CE3551 /* LaunchScreen.storyboard in Resources */ = {isa = PBXBuildFile; fileRef = FAE2622A1F0D3F3300CE3551 /* LaunchScreen.storyboard */; };
		FAE2623D1F0D4A4B00CE3551 /* AlarmTableViewCell.swift in Sources */ = {isa = PBXBuildFile; fileRef = FAE2623C1F0D4A4B00CE3551 /* AlarmTableViewCell.swift */; };
		FAE262401F0D4A7A00CE3551 /* InfoTableViewCell.swift in Sources */ = {isa = PBXBuildFile; fileRef = FAE2623F1F0D4A7A00CE3551 /* InfoTableViewCell.swift */; };
		FAE262421F0D4BE800CE3551 /* HomeViewController.swift in Sources */ = {isa = PBXBuildFile; fileRef = FAE262411F0D4BE800CE3551 /* HomeViewController.swift */; };
		FAE262461F0D731E00CE3551 /* AlarmModel.swift in Sources */ = {isa = PBXBuildFile; fileRef = FAE262451F0D731E00CE3551 /* AlarmModel.swift */; };
		FAE262491F0D79A000CE3551 /* AlarmService.swift in Sources */ = {isa = PBXBuildFile; fileRef = FAE262481F0D79A000CE3551 /* AlarmService.swift */; };
		FAE2624C1F0DBB9D00CE3551 /* SettingsViewController.swift in Sources */ = {isa = PBXBuildFile; fileRef = FAE2624B1F0DBB9D00CE3551 /* SettingsViewController.swift */; };
		FAE2624E1F0DBD5800CE3551 /* CalendarViewController.swift in Sources */ = {isa = PBXBuildFile; fileRef = FAE2624D1F0DBD5800CE3551 /* CalendarViewController.swift */; };
		FAE262521F0DC04A00CE3551 /* AnnounceTimeViewController.swift in Sources */ = {isa = PBXBuildFile; fileRef = FAE262511F0DC04A00CE3551 /* AnnounceTimeViewController.swift */; };
		FAE262541F0DC19A00CE3551 /* SmartSnoozeViewController.swift in Sources */ = {isa = PBXBuildFile; fileRef = FAE262531F0DC19A00CE3551 /* SmartSnoozeViewController.swift */; };
/* End PBXBuildFile section */

/* Begin PBXFileReference section */
		FAE2621E1F0D3F3300CE3551 /* Alarm App.app */ = {isa = PBXFileReference; explicitFileType = wrapper.application; includeInIndex = 0; path = "Alarm App.app"; sourceTree = BUILT_PRODUCTS_DIR; };
		FAE262211F0D3F3300CE3551 /* AppDelegate.swift */ = {isa = PBXFileReference; lastKnownFileType = sourcecode.swift; path = AppDelegate.swift; sourceTree = "<group>"; };
		FAE262261F0D3F3300CE3551 /* Base */ = {isa = PBXFileReference; lastKnownFileType = file.storyboard; name = Base; path = Base.lproj/Main.storyboard; sourceTree = "<group>"; };
		FAE262281F0D3F3300CE3551 /* Assets.xcassets */ = {isa = PBXFileReference; lastKnownFileType = folder.assetcatalog; path = Assets.xcassets; sourceTree = "<group>"; };
		FAE2622B1F0D3F3300CE3551 /* Base */ = {isa = PBXFileReference; lastKnownFileType = file.storyboard; name = Base; path = Base.lproj/LaunchScreen.storyboard; sourceTree = "<group>"; };
		FAE2622D1F0D3F3300CE3551 /* Info.plist */ = {isa = PBXFileReference; lastKnownFileType = text.plist.xml; path = Info.plist; sourceTree = "<group>"; };
		FAE2623C1F0D4A4B00CE3551 /* AlarmTableViewCell.swift */ = {isa = PBXFileReference; fileEncoding = 4; lastKnownFileType = sourcecode.swift; name = AlarmTableViewCell.swift; path = Views/AlarmTableViewCell.swift; sourceTree = SOURCE_ROOT; };
		FAE2623F1F0D4A7A00CE3551 /* InfoTableViewCell.swift */ = {isa = PBXFileReference; fileEncoding = 4; lastKnownFileType = sourcecode.swift; name = InfoTableViewCell.swift; path = Views/InfoTableViewCell.swift; sourceTree = SOURCE_ROOT; };
		FAE262411F0D4BE800CE3551 /* HomeViewController.swift */ = {isa = PBXFileReference; fileEncoding = 4; lastKnownFileType = sourcecode.swift; name = HomeViewController.swift; path = "View Controllers/HomeViewController.swift"; sourceTree = "<group>"; };
		FAE262451F0D731E00CE3551 /* AlarmModel.swift */ = {isa = PBXFileReference; fileEncoding = 4; lastKnownFileType = sourcecode.swift; name = AlarmModel.swift; path = Models/AlarmModel.swift; sourceTree = SOURCE_ROOT; };
		FAE262481F0D79A000CE3551 /* AlarmService.swift */ = {isa = PBXFileReference; fileEncoding = 4; lastKnownFileType = sourcecode.swift; name = AlarmService.swift; path = Service/AlarmService.swift; sourceTree = SOURCE_ROOT; };
		FAE2624B1F0DBB9D00CE3551 /* SettingsViewController.swift */ = {isa = PBXFileReference; fileEncoding = 4; lastKnownFileType = sourcecode.swift; name = SettingsViewController.swift; path = "View Controllers/SettingsViewController.swift"; sourceTree = "<group>"; };
		FAE2624D1F0DBD5800CE3551 /* CalendarViewController.swift */ = {isa = PBXFileReference; fileEncoding = 4; lastKnownFileType = sourcecode.swift; name = CalendarViewController.swift; path = "View Controllers/CalendarViewController.swift"; sourceTree = "<group>"; };
		FAE262511F0DC04A00CE3551 /* AnnounceTimeViewController.swift */ = {isa = PBXFileReference; fileEncoding = 4; lastKnownFileType = sourcecode.swift; name = AnnounceTimeViewController.swift; path = "View Controllers/AnnounceTimeViewController.swift"; sourceTree = "<group>"; };
		FAE262531F0DC19A00CE3551 /* SmartSnoozeViewController.swift */ = {isa = PBXFileReference; fileEncoding = 4; lastKnownFileType = sourcecode.swift; name = SmartSnoozeViewController.swift; path = "View Controllers/SmartSnoozeViewController.swift"; sourceTree = "<group>"; };
/* End PBXFileReference section */

/* Begin PBXFrameworksBuildPhase section */
		FAE2621B1F0D3F3300CE3551 /* Frameworks */ = {
			isa = PBXFrameworksBuildPhase;
			buildActionMask = 2147483647;
			files = (
			);
			runOnlyForDeploymentPostprocessing = 0;
		};
/* End PBXFrameworksBuildPhase section */

/* Begin PBXGroup section */
		FAE262151F0D3F3300CE3551 = {
			isa = PBXGroup;
			children = (
				FAE262201F0D3F3300CE3551 /* Alarm App */,
				FAE2621F1F0D3F3300CE3551 /* Products */,
			);
			sourceTree = "<group>";
		};
		FAE2621F1F0D3F3300CE3551 /* Products */ = {
			isa = PBXGroup;
			children = (
				FAE2621E1F0D3F3300CE3551 /* Alarm App.app */,
			);
			name = Products;
			sourceTree = "<group>";
		};
		FAE262201F0D3F3300CE3551 /* Alarm App */ = {
			isa = PBXGroup;
			children = (
				FAE262211F0D3F3300CE3551 /* AppDelegate.swift */,
				FAE262281F0D3F3300CE3551 /* Assets.xcassets */,
				FAE262371F0D483A00CE3551 /* Controllers */,
				FAE262431F0D709300CE3551 /* Storyboards */,
				FAE2623E1F0D4A5A00CE3551 /* Views */,
				FAE262471F0D732300CE3551 /* Models */,
				FAE262441F0D70AF00CE3551 /* Supporting */,
				FAE2624A1F0D79A600CE3551 /* Service */,
			);
			path = "Alarm App";
			sourceTree = "<group>";
		};
		FAE262371F0D483A00CE3551 /* Controllers */ = {
			isa = PBXGroup;
			children = (
				FAE262411F0D4BE800CE3551 /* HomeViewController.swift */,
				FAE2624B1F0DBB9D00CE3551 /* SettingsViewController.swift */,
				FAE2624D1F0DBD5800CE3551 /* CalendarViewController.swift */,
				FAE262511F0DC04A00CE3551 /* AnnounceTimeViewController.swift */,
				FAE262531F0DC19A00CE3551 /* SmartSnoozeViewController.swift */,
			);
			name = Controllers;
			path = ..;
			sourceTree = "<group>";
		};
		FAE2623E1F0D4A5A00CE3551 /* Views */ = {
			isa = PBXGroup;
			children = (
				FAE2623C1F0D4A4B00CE3551 /* AlarmTableViewCell.swift */,
				FAE2623F1F0D4A7A00CE3551 /* InfoTableViewCell.swift */,
			);
			name = Views;
			sourceTree = "<group>";
		};
		FAE262431F0D709300CE3551 /* Storyboards */ = {
			isa = PBXGroup;
			children = (
				FAE262251F0D3F3300CE3551 /* Main.storyboard */,
				FAE2622A1F0D3F3300CE3551 /* LaunchScreen.storyboard */,
			);
			name = Storyboards;
			sourceTree = "<group>";
		};
		FAE262441F0D70AF00CE3551 /* Supporting */ = {
			isa = PBXGroup;
			children = (
				FAE2622D1F0D3F3300CE3551 /* Info.plist */,
			);
			name = Supporting;
			sourceTree = "<group>";
		};
		FAE262471F0D732300CE3551 /* Models */ = {
			isa = PBXGroup;
			children = (
				FAE262451F0D731E00CE3551 /* AlarmModel.swift */,
			);
			name = Models;
			sourceTree = "<group>";
		};
		FAE2624A1F0D79A600CE3551 /* Service */ = {
			isa = PBXGroup;
			children = (
				FAE262481F0D79A000CE3551 /* AlarmService.swift */,
			);
			name = Service;
			sourceTree = "<group>";
		};
/* End PBXGroup section */

/* Begin PBXNativeTarget section */
		FAE2621D1F0D3F3300CE3551 /* Alarm App */ = {
			isa = PBXNativeTarget;
			buildConfigurationList = FAE262301F0D3F3300CE3551 /* Build configuration list for PBXNativeTarget "Alarm App" */;
			buildPhases = (
				FAE2621A1F0D3F3300CE3551 /* Sources */,
				FAE2621B1F0D3F3300CE3551 /* Frameworks */,
				FAE2621C1F0D3F3300CE3551 /* Resources */,
			);
			buildRules = (
			);
			dependencies = (
			);
			name = "Alarm App";
			productName = "Alarm App";
			productReference = FAE2621E1F0D3F3300CE3551 /* Alarm App.app */;
			productType = "com.apple.product-type.application";
		};
/* End PBXNativeTarget section */

/* Begin PBXProject section */
		FAE262161F0D3F3300CE3551 /* Project object */ = {
			isa = PBXProject;
			attributes = {
				LastSwiftUpdateCheck = 0830;
				LastUpgradeCheck = 0830;
				ORGANIZATIONNAME = "Muneeba Khatoon";
				TargetAttributes = {
					FAE2621D1F0D3F3300CE3551 = {
						CreatedOnToolsVersion = 8.3.3;
						DevelopmentTeam = ESE5F95GWA;
						ProvisioningStyle = Automatic;
					};
				};
			};
			buildConfigurationList = FAE262191F0D3F3300CE3551 /* Build configuration list for PBXProject "Alarm App" */;
			compatibilityVersion = "Xcode 3.2";
			developmentRegion = English;
			hasScannedForEncodings = 0;
			knownRegions = (
				en,
				Base,
			);
			mainGroup = FAE262151F0D3F3300CE3551;
			productRefGroup = FAE2621F1F0D3F3300CE3551 /* Products */;
			projectDirPath = "";
			projectRoot = "";
			targets = (
				FAE2621D1F0D3F3300CE3551 /* Alarm App */,
			);
		};
/* End PBXProject section */

/* Begin PBXResourcesBuildPhase section */
		FAE2621C1F0D3F3300CE3551 /* Resources */ = {
			isa = PBXResourcesBuildPhase;
			buildActionMask = 2147483647;
			files = (
				FAE2622C1F0D3F3300CE3551 /* LaunchScreen.storyboard in Resources */,
				FAE262291F0D3F3300CE3551 /* Assets.xcassets in Resources */,
				FAE262271F0D3F3300CE3551 /* Main.storyboard in Resources */,
			);
			runOnlyForDeploymentPostprocessing = 0;
		};
/* End PBXResourcesBuildPhase section */

/* Begin PBXSourcesBuildPhase section */
		FAE2621A1F0D3F3300CE3551 /* Sources */ = {
			isa = PBXSourcesBuildPhase;
			buildActionMask = 2147483647;
			files = (
				FAE262421F0D4BE800CE3551 /* HomeViewController.swift in Sources */,
				FAE262521F0DC04A00CE3551 /* AnnounceTimeViewController.swift in Sources */,
				FAE262541F0DC19A00CE3551 /* SmartSnoozeViewController.swift in Sources */,
				FAE262221F0D3F3300CE3551 /* AppDelegate.swift in Sources */,
				FAE262401F0D4A7A00CE3551 /* InfoTableViewCell.swift in Sources */,
				FAE262491F0D79A000CE3551 /* AlarmService.swift in Sources */,
				FAE2623D1F0D4A4B00CE3551 /* AlarmTableViewCell.swift in Sources */,
				FAE2624E1F0DBD5800CE3551 /* CalendarViewController.swift in Sources */,
				FAE262461F0D731E00CE3551 /* AlarmModel.swift in Sources */,
				FAE2624C1F0DBB9D00CE3551 /* SettingsViewController.swift in Sources */,
			);
			runOnlyForDeploymentPostprocessing = 0;
		};
/* End PBXSourcesBuildPhase section */

/* Begin PBXVariantGroup section */
		FAE262251F0D3F3300CE3551 /* Main.storyboard */ = {
			isa = PBXVariantGroup;
			children = (
				FAE262261F0D3F3300CE3551 /* Base */,
			);
			name = Main.storyboard;
			sourceTree = "<group>";
		};
		FAE2622A1F0D3F3300CE3551 /* LaunchScreen.storyboard */ = {
			isa = PBXVariantGroup;
			children = (
				FAE2622B1F0D3F3300CE3551 /* Base */,
			);
			name = LaunchScreen.storyboard;
			sourceTree = "<group>";
		};
/* End PBXVariantGroup section */

/* Begin XCBuildConfiguration section */
		FAE2622E1F0D3F3300CE3551 /* Debug */ = {
			isa = XCBuildConfiguration;
			buildSettings = {
				ALWAYS_SEARCH_USER_PATHS = NO;
				CLANG_ANALYZER_NONNULL = YES;
				CLANG_ANALYZER_NUMBER_OBJECT_CONVERSION = YES_AGGRESSIVE;
				CLANG_CXX_LANGUAGE_STANDARD = "gnu++0x";
				CLANG_CXX_LIBRARY = "libc++";
				CLANG_ENABLE_MODULES = YES;
				CLANG_ENABLE_OBJC_ARC = YES;
				CLANG_WARN_BOOL_CONVERSION = YES;
				CLANG_WARN_CONSTANT_CONVERSION = YES;
				CLANG_WARN_DIRECT_OBJC_ISA_USAGE = YES_ERROR;
				CLANG_WARN_DOCUMENTATION_COMMENTS = YES;
				CLANG_WARN_EMPTY_BODY = YES;
				CLANG_WARN_ENUM_CONVERSION = YES;
				CLANG_WARN_INFINITE_RECURSION = YES;
				CLANG_WARN_INT_CONVERSION = YES;
				CLANG_WARN_OBJC_ROOT_CLASS = YES_ERROR;
				CLANG_WARN_SUSPICIOUS_MOVE = YES;
				CLANG_WARN_UNREACHABLE_CODE = YES;
				CLANG_WARN__DUPLICATE_METHOD_MATCH = YES;
				"CODE_SIGN_IDENTITY[sdk=iphoneos*]" = "iPhone Developer";
				COPY_PHASE_STRIP = NO;
				DEBUG_INFORMATION_FORMAT = dwarf;
				ENABLE_STRICT_OBJC_MSGSEND = YES;
				ENABLE_TESTABILITY = YES;
				GCC_C_LANGUAGE_STANDARD = gnu99;
				GCC_DYNAMIC_NO_PIC = NO;
				GCC_NO_COMMON_BLOCKS = YES;
				GCC_OPTIMIZATION_LEVEL = 0;
				GCC_PREPROCESSOR_DEFINITIONS = (
					"DEBUG=1",
					"$(inherited)",
				);
				GCC_WARN_64_TO_32_BIT_CONVERSION = YES;
				GCC_WARN_ABOUT_RETURN_TYPE = YES_ERROR;
				GCC_WARN_UNDECLARED_SELECTOR = YES;
				GCC_WARN_UNINITIALIZED_AUTOS = YES_AGGRESSIVE;
				GCC_WARN_UNUSED_FUNCTION = YES;
				GCC_WARN_UNUSED_VARIABLE = YES;
				IPHONEOS_DEPLOYMENT_TARGET = 10.3;
				MTL_ENABLE_DEBUG_INFO = YES;
				ONLY_ACTIVE_ARCH = YES;
				SDKROOT = iphoneos;
				SWIFT_ACTIVE_COMPILATION_CONDITIONS = DEBUG;
				SWIFT_OPTIMIZATION_LEVEL = "-Onone";
			};
			name = Debug;
		};
		FAE2622F1F0D3F3300CE3551 /* Release */ = {
			isa = XCBuildConfiguration;
			buildSettings = {
				ALWAYS_SEARCH_USER_PATHS = NO;
				CLANG_ANALYZER_NONNULL = YES;
				CLANG_ANALYZER_NUMBER_OBJECT_CONVERSION = YES_AGGRESSIVE;
				CLANG_CXX_LANGUAGE_STANDARD = "gnu++0x";
				CLANG_CXX_LIBRARY = "libc++";
				CLANG_ENABLE_MODULES = YES;
				CLANG_ENABLE_OBJC_ARC = YES;
				CLANG_WARN_BOOL_CONVERSION = YES;
				CLANG_WARN_CONSTANT_CONVERSION = YES;
				CLANG_WARN_DIRECT_OBJC_ISA_USAGE = YES_ERROR;
				CLANG_WARN_DOCUMENTATION_COMMENTS = YES;
				CLANG_WARN_EMPTY_BODY = YES;
				CLANG_WARN_ENUM_CONVERSION = YES;
				CLANG_WARN_INFINITE_RECURSION = YES;
				CLANG_WARN_INT_CONVERSION = YES;
				CLANG_WARN_OBJC_ROOT_CLASS = YES_ERROR;
				CLANG_WARN_SUSPICIOUS_MOVE = YES;
				CLANG_WARN_UNREACHABLE_CODE = YES;
				CLANG_WARN__DUPLICATE_METHOD_MATCH = YES;
				"CODE_SIGN_IDENTITY[sdk=iphoneos*]" = "iPhone Developer";
				COPY_PHASE_STRIP = NO;
				DEBUG_INFORMATION_FORMAT = "dwarf-with-dsym";
				ENABLE_NS_ASSERTIONS = NO;
				ENABLE_STRICT_OBJC_MSGSEND = YES;
				GCC_C_LANGUAGE_STANDARD = gnu99;
				GCC_NO_COMMON_BLOCKS = YES;
				GCC_WARN_64_TO_32_BIT_CONVERSION = YES;
				GCC_WARN_ABOUT_RETURN_TYPE = YES_ERROR;
				GCC_WARN_UNDECLARED_SELECTOR = YES;
				GCC_WARN_UNINITIALIZED_AUTOS = YES_AGGRESSIVE;
				GCC_WARN_UNUSED_FUNCTION = YES;
				GCC_WARN_UNUSED_VARIABLE = YES;
				IPHONEOS_DEPLOYMENT_TARGET = 10.3;
				MTL_ENABLE_DEBUG_INFO = NO;
				SDKROOT = iphoneos;
				SWIFT_OPTIMIZATION_LEVEL = "-Owholemodule";
				VALIDATE_PRODUCT = YES;
			};
			name = Release;
		};
		FAE262311F0D3F3300CE3551 /* Debug */ = {
			isa = XCBuildConfiguration;
			buildSettings = {
				ASSETCATALOG_COMPILER_APPICON_NAME = AppIcon;
				DEVELOPMENT_TEAM = ESE5F95GWA;
				INFOPLIST_FILE = "Alarm App/Info.plist";
				LD_RUNPATH_SEARCH_PATHS = "$(inherited) @executable_path/Frameworks";
				PRODUCT_BUNDLE_IDENTIFIER = "com.makeschool.Alarm-App";
				PRODUCT_NAME = "$(TARGET_NAME)";
				SWIFT_VERSION = 3.0;
			};
			name = Debug;
		};
		FAE262321F0D3F3300CE3551 /* Release */ = {
			isa = XCBuildConfiguration;
			buildSettings = {
				ASSETCATALOG_COMPILER_APPICON_NAME = AppIcon;
				DEVELOPMENT_TEAM = ESE5F95GWA;
				INFOPLIST_FILE = "Alarm App/Info.plist";
				LD_RUNPATH_SEARCH_PATHS = "$(inherited) @executable_path/Frameworks";
				PRODUCT_BUNDLE_IDENTIFIER = "com.makeschool.Alarm-App";
				PRODUCT_NAME = "$(TARGET_NAME)";
				SWIFT_VERSION = 3.0;
			};
			name = Release;
		};
/* End XCBuildConfiguration section */

/* Begin XCConfigurationList section */
		FAE262191F0D3F3300CE3551 /* Build configuration list for PBXProject "Alarm App" */ = {
			isa = XCConfigurationList;
			buildConfigurations = (
				FAE2622E1F0D3F3300CE3551 /* Debug */,
				FAE2622F1F0D3F3300CE3551 /* Release */,
			);
			defaultConfigurationIsVisible = 0;
			defaultConfigurationName = Release;
		};
		FAE262301F0D3F3300CE3551 /* Build configuration list for PBXNativeTarget "Alarm App" */ = {
			isa = XCConfigurationList;
			buildConfigurations = (
				FAE262311F0D3F3300CE3551 /* Debug */,
				FAE262321F0D3F3300CE3551 /* Release */,
			);
			defaultConfigurationIsVisible = 0;
			defaultConfigurationName = Release;
		};
/* End XCConfigurationList section */
	};
	rootObject = FAE262161F0D3F3300CE3551 /* Project object */;
}
