// !$*UTF8*$!
{
	archiveVersion = 1;
	classes = {
	};
	objectVersion = 46;
	objects = {

/* Begin PBXBuildFile section */
		46457A15025F9AC651F6E8EE /* Pods_Alarm_App.framework in Frameworks */ = {isa = PBXBuildFile; fileRef = 9886DC9C00836708258B4D0A /* Pods_Alarm_App.framework */; };
		BAAED4F31F101A7A008E1D45 /* GoogleService-Info.plist in Resources */ = {isa = PBXBuildFile; fileRef = BAAED4F21F101A7A008E1D45 /* GoogleService-Info.plist */; };
		BAAED4F51F101ADC008E1D45 /* Info.plist in Resources */ = {isa = PBXBuildFile; fileRef = BAAED4F41F101ADC008E1D45 /* Info.plist */; };
		FACD9B1A1F38BA2700DBED78 /* SpeechService.swift in Sources */ = {isa = PBXBuildFile; fileRef = FACD9B191F38BA2700DBED78 /* SpeechService.swift */; };
		FAE262221F0D3F3300CE3551 /* AppDelegate.swift in Sources */ = {isa = PBXBuildFile; fileRef = FAE262211F0D3F3300CE3551 /* AppDelegate.swift */; };
		FAE262271F0D3F3300CE3551 /* Main.storyboard in Resources */ = {isa = PBXBuildFile; fileRef = FAE262251F0D3F3300CE3551 /* Main.storyboard */; };
		FAE262291F0D3F3300CE3551 /* Assets.xcassets in Resources */ = {isa = PBXBuildFile; fileRef = FAE262281F0D3F3300CE3551 /* Assets.xcassets */; };
		FAE2622C1F0D3F3300CE3551 /* LaunchScreen.storyboard in Resources */ = {isa = PBXBuildFile; fileRef = FAE2622A1F0D3F3300CE3551 /* LaunchScreen.storyboard */; };
		FAE2623D1F0D4A4B00CE3551 /* AlarmTableViewCell.swift in Sources */ = {isa = PBXBuildFile; fileRef = FAE2623C1F0D4A4B00CE3551 /* AlarmTableViewCell.swift */; };
		FAE262401F0D4A7A00CE3551 /* InfoTableViewCell.swift in Sources */ = {isa = PBXBuildFile; fileRef = FAE2623F1F0D4A7A00CE3551 /* InfoTableViewCell.swift */; };
		FAE262421F0D4BE800CE3551 /* HomeViewController.swift in Sources */ = {isa = PBXBuildFile; fileRef = FAE262411F0D4BE800CE3551 /* HomeViewController.swift */; };
		FAE262461F0D731E00CE3551 /* AlarmModel.swift in Sources */ = {isa = PBXBuildFile; fileRef = FAE262451F0D731E00CE3551 /* AlarmModel.swift */; };
		FAE262491F0D79A000CE3551 /* AlarmService.swift in Sources */ = {isa = PBXBuildFile; fileRef = FAE262481F0D79A000CE3551 /* AlarmService.swift */; };
		FAE2624C1F0DBB9D00CE3551 /* SettingsViewController.swift in Sources */ = {isa = PBXBuildFile; fileRef = FAE2624B1F0DBB9D00CE3551 /* SettingsViewController.swift */; };
		FAE262521F0DC04A00CE3551 /* AnnounceTimeViewController.swift in Sources */ = {isa = PBXBuildFile; fileRef = FAE262511F0DC04A00CE3551 /* AnnounceTimeViewController.swift */; };
		FAE262A21F0FDB4700CE3551 /* AdSupport.framework in Frameworks */ = {isa = PBXBuildFile; fileRef = FAE262A11F0FDB4700CE3551 /* AdSupport.framework */; };
		FAE262A61F0FF15800CE3551 /* EventsModel.swift in Sources */ = {isa = PBXBuildFile; fileRef = FAE262A51F0FF15800CE3551 /* EventsModel.swift */; };
/* End PBXBuildFile section */

/* Begin PBXFileReference section */
		90A82FF672F57B42EE95A2BB /* Pods-Alarm App.debug.xcconfig */ = {isa = PBXFileReference; includeInIndex = 1; lastKnownFileType = text.xcconfig; name = "Pods-Alarm App.debug.xcconfig"; path = "Pods/Target Support Files/Pods-Alarm App/Pods-Alarm App.debug.xcconfig"; sourceTree = "<group>"; };
		9886DC9C00836708258B4D0A /* Pods_Alarm_App.framework */ = {isa = PBXFileReference; explicitFileType = wrapper.framework; includeInIndex = 0; path = Pods_Alarm_App.framework; sourceTree = BUILT_PRODUCTS_DIR; };
		BAAED4F21F101A7A008E1D45 /* GoogleService-Info.plist */ = {isa = PBXFileReference; fileEncoding = 4; lastKnownFileType = text.plist.xml; path = "GoogleService-Info.plist"; sourceTree = "<group>"; };
		BAAED4F41F101ADC008E1D45 /* Info.plist */ = {isa = PBXFileReference; fileEncoding = 4; lastKnownFileType = text.plist.xml; path = Info.plist; sourceTree = "<group>"; };
		E48358237624904E0971BDF9 /* Pods-Alarm App.release.xcconfig */ = {isa = PBXFileReference; includeInIndex = 1; lastKnownFileType = text.xcconfig; name = "Pods-Alarm App.release.xcconfig"; path = "Pods/Target Support Files/Pods-Alarm App/Pods-Alarm App.release.xcconfig"; sourceTree = "<group>"; };
		FACD9B191F38BA2700DBED78 /* SpeechService.swift */ = {isa = PBXFileReference; fileEncoding = 4; lastKnownFileType = sourcecode.swift; name = SpeechService.swift; path = Service/SpeechService.swift; sourceTree = SOURCE_ROOT; };
		FAE2621E1F0D3F3300CE3551 /* Alarm App.app */ = {isa = PBXFileReference; explicitFileType = wrapper.application; includeInIndex = 0; path = "Alarm App.app"; sourceTree = BUILT_PRODUCTS_DIR; };
		FAE262211F0D3F3300CE3551 /* AppDelegate.swift */ = {isa = PBXFileReference; lastKnownFileType = sourcecode.swift; path = AppDelegate.swift; sourceTree = "<group>"; };
		FAE262261F0D3F3300CE3551 /* Base */ = {isa = PBXFileReference; lastKnownFileType = file.storyboard; name = Base; path = Base.lproj/Main.storyboard; sourceTree = "<group>"; };
		FAE262281F0D3F3300CE3551 /* Assets.xcassets */ = {isa = PBXFileReference; lastKnownFileType = folder.assetcatalog; path = Assets.xcassets; sourceTree = "<group>"; };
		FAE2622B1F0D3F3300CE3551 /* Base */ = {isa = PBXFileReference; lastKnownFileType = file.storyboard; name = Base; path = Base.lproj/LaunchScreen.storyboard; sourceTree = "<group>"; };
		FAE2623C1F0D4A4B00CE3551 /* AlarmTableViewCell.swift */ = {isa = PBXFileReference; fileEncoding = 4; lastKnownFileType = sourcecode.swift; name = AlarmTableViewCell.swift; path = Views/AlarmTableViewCell.swift; sourceTree = SOURCE_ROOT; };
		FAE2623F1F0D4A7A00CE3551 /* InfoTableViewCell.swift */ = {isa = PBXFileReference; fileEncoding = 4; lastKnownFileType = sourcecode.swift; name = InfoTableViewCell.swift; path = Views/InfoTableViewCell.swift; sourceTree = SOURCE_ROOT; };
		FAE262411F0D4BE800CE3551 /* HomeViewController.swift */ = {isa = PBXFileReference; fileEncoding = 4; lastKnownFileType = sourcecode.swift; name = HomeViewController.swift; path = "View Controllers/HomeViewController.swift"; sourceTree = "<group>"; };
		FAE262451F0D731E00CE3551 /* AlarmModel.swift */ = {isa = PBXFileReference; fileEncoding = 4; lastKnownFileType = sourcecode.swift; name = AlarmModel.swift; path = Models/AlarmModel.swift; sourceTree = SOURCE_ROOT; };
		FAE262481F0D79A000CE3551 /* AlarmService.swift */ = {isa = PBXFileReference; fileEncoding = 4; lastKnownFileType = sourcecode.swift; name = AlarmService.swift; path = Service/AlarmService.swift; sourceTree = SOURCE_ROOT; };
		FAE2624B1F0DBB9D00CE3551 /* SettingsViewController.swift */ = {isa = PBXFileReference; fileEncoding = 4; lastKnownFileType = sourcecode.swift; name = SettingsViewController.swift; path = "View Controllers/SettingsViewController.swift"; sourceTree = "<group>"; };
		FAE262511F0DC04A00CE3551 /* AnnounceTimeViewController.swift */ = {isa = PBXFileReference; fileEncoding = 4; lastKnownFileType = sourcecode.swift; name = AnnounceTimeViewController.swift; path = "View Controllers/AnnounceTimeViewController.swift"; sourceTree = "<group>"; };
		FAE262A11F0FDB4700CE3551 /* AdSupport.framework */ = {isa = PBXFileReference; lastKnownFileType = wrapper.framework; name = AdSupport.framework; path = System/Library/Frameworks/AdSupport.framework; sourceTree = SDKROOT; };
		FAE262A51F0FF15800CE3551 /* EventsModel.swift */ = {isa = PBXFileReference; fileEncoding = 4; lastKnownFileType = sourcecode.swift; name = EventsModel.swift; path = Models/EventsModel.swift; sourceTree = SOURCE_ROOT; };
/* End PBXFileReference section */

/* Begin PBXFrameworksBuildPhase section */
		FAE2621B1F0D3F3300CE3551 /* Frameworks */ = {
			isa = PBXFrameworksBuildPhase;
			buildActionMask = 2147483647;
			files = (
				FAE262A21F0FDB4700CE3551 /* AdSupport.framework in Frameworks */,
				46457A15025F9AC651F6E8EE /* Pods_Alarm_App.framework in Frameworks */,
			);
			runOnlyForDeploymentPostprocessing = 0;
		};
/* End PBXFrameworksBuildPhase section */

/* Begin PBXGroup section */
		6B7BBD397567E82B63D6C257 /* Pods */ = {
			isa = PBXGroup;
			children = (
				90A82FF672F57B42EE95A2BB /* Pods-Alarm App.debug.xcconfig */,
				E48358237624904E0971BDF9 /* Pods-Alarm App.release.xcconfig */,
			);
			name = Pods;
			sourceTree = "<group>";
		};
		AFF569E35FC50AD2784CC79C /* Frameworks */ = {
			isa = PBXGroup;
			children = (
				FAE262A11F0FDB4700CE3551 /* AdSupport.framework */,
				9886DC9C00836708258B4D0A /* Pods_Alarm_App.framework */,
			);
			name = Frameworks;
			sourceTree = "<group>";
		};
		FAE262151F0D3F3300CE3551 = {
			isa = PBXGroup;
			children = (
				FAE262201F0D3F3300CE3551 /* Alarm App */,
				FAE2621F1F0D3F3300CE3551 /* Products */,
				6B7BBD397567E82B63D6C257 /* Pods */,
				AFF569E35FC50AD2784CC79C /* Frameworks */,
			);
			sourceTree = "<group>";
		};
		FAE2621F1F0D3F3300CE3551 /* Products */ = {
			isa = PBXGroup;
			children = (
				FAE2621E1F0D3F3300CE3551 /* Alarm App.app */,
			);
			name = Products;
			sourceTree = "<group>";
		};
		FAE262201F0D3F3300CE3551 /* Alarm App */ = {
			isa = PBXGroup;
			children = (
				BAAED4F21F101A7A008E1D45 /* GoogleService-Info.plist */,
				FAE262211F0D3F3300CE3551 /* AppDelegate.swift */,
				FAE262281F0D3F3300CE3551 /* Assets.xcassets */,
				FAE262371F0D483A00CE3551 /* Controllers */,
				FAE262431F0D709300CE3551 /* Storyboards */,
				FAE2623E1F0D4A5A00CE3551 /* Views */,
				FAE262471F0D732300CE3551 /* Models */,
				FAE262441F0D70AF00CE3551 /* Supporting */,
				FAE2624A1F0D79A600CE3551 /* Service */,
			);
			path = "Alarm App";
			sourceTree = "<group>";
		};
		FAE262371F0D483A00CE3551 /* Controllers */ = {
			isa = PBXGroup;
			children = (
				FAE262411F0D4BE800CE3551 /* HomeViewController.swift */,
				FAE2624B1F0DBB9D00CE3551 /* SettingsViewController.swift */,
				FAE262511F0DC04A00CE3551 /* AnnounceTimeViewController.swift */,
			);
			name = Controllers;
			path = ..;
			sourceTree = "<group>";
		};
		FAE2623E1F0D4A5A00CE3551 /* Views */ = {
			isa = PBXGroup;
			children = (
				FAE2623C1F0D4A4B00CE3551 /* AlarmTableViewCell.swift */,
				FAE2623F1F0D4A7A00CE3551 /* InfoTableViewCell.swift */,
			);
			name = Views;
			sourceTree = "<group>";
		};
		FAE262431F0D709300CE3551 /* Storyboards */ = {
			isa = PBXGroup;
			children = (
				FAE262251F0D3F3300CE3551 /* Main.storyboard */,
				FAE2622A1F0D3F3300CE3551 /* LaunchScreen.storyboard */,
			);
			name = Storyboards;
			sourceTree = "<group>";
		};
		FAE262441F0D70AF00CE3551 /* Supporting */ = {
			isa = PBXGroup;
			children = (
				BAAED4F41F101ADC008E1D45 /* Info.plist */,
			);
			name = Supporting;
			sourceTree = "<group>";
		};
		FAE262471F0D732300CE3551 /* Models */ = {
			isa = PBXGroup;
			children = (
				FAE262451F0D731E00CE3551 /* AlarmModel.swift */,
				FAE262A51F0FF15800CE3551 /* EventsModel.swift */,
			);
			name = Models;
			sourceTree = "<group>";
		};
		FAE2624A1F0D79A600CE3551 /* Service */ = {
			isa = PBXGroup;
			children = (
				FAE262481F0D79A000CE3551 /* AlarmService.swift */,
				FACD9B191F38BA2700DBED78 /* SpeechService.swift */,
			);
			name = Service;
			sourceTree = "<group>";
		};
/* End PBXGroup section */

/* Begin PBXNativeTarget section */
		FAE2621D1F0D3F3300CE3551 /* Alarm App */ = {
			isa = PBXNativeTarget;
			buildConfigurationList = FAE262301F0D3F3300CE3551 /* Build configuration list for PBXNativeTarget "Alarm App" */;
			buildPhases = (
				2E272C9E0F948E8C24241DA8 /* [CP] Check Pods Manifest.lock */,
				FAE2621A1F0D3F3300CE3551 /* Sources */,
				FAE2621B1F0D3F3300CE3551 /* Frameworks */,
				FAE2621C1F0D3F3300CE3551 /* Resources */,
				118BE3B3297742EBD8E60E2C /* [CP] Embed Pods Frameworks */,
				FE93F92ADC886E8127451183 /* [CP] Copy Pods Resources */,
			);
			buildRules = (
			);
			dependencies = (
			);
			name = "Alarm App";
			productName = "Alarm App";
			productReference = FAE2621E1F0D3F3300CE3551 /* Alarm App.app */;
			productType = "com.apple.product-type.application";
		};
/* End PBXNativeTarget section */

/* Begin PBXProject section */
		FAE262161F0D3F3300CE3551 /* Project object */ = {
			isa = PBXProject;
			attributes = {
				LastSwiftUpdateCheck = 0830;
				LastUpgradeCheck = 0830;
				ORGANIZATIONNAME = "Muneeba Khatoon";
				TargetAttributes = {
					FAE2621D1F0D3F3300CE3551 = {
						CreatedOnToolsVersion = 8.3.3;
						DevelopmentTeam = B8LC78N529;
						ProvisioningStyle = Automatic;
					};
				};
			};
			buildConfigurationList = FAE262191F0D3F3300CE3551 /* Build configuration list for PBXProject "Alarm App" */;
			compatibilityVersion = "Xcode 3.2";
			developmentRegion = English;
			hasScannedForEncodings = 0;
			knownRegions = (
				en,
				Base,
			);
			mainGroup = FAE262151F0D3F3300CE3551;
			productRefGroup = FAE2621F1F0D3F3300CE3551 /* Products */;
			projectDirPath = "";
			projectRoot = "";
			targets = (
				FAE2621D1F0D3F3300CE3551 /* Alarm App */,
			);
		};
/* End PBXProject section */

/* Begin PBXResourcesBuildPhase section */
		FAE2621C1F0D3F3300CE3551 /* Resources */ = {
			isa = PBXResourcesBuildPhase;
			buildActionMask = 2147483647;
			files = (
				FAE2622C1F0D3F3300CE3551 /* LaunchScreen.storyboard in Resources */,
				BAAED4F31F101A7A008E1D45 /* GoogleService-Info.plist in Resources */,
				FAE262291F0D3F3300CE3551 /* Assets.xcassets in Resources */,
				BAAED4F51F101ADC008E1D45 /* Info.plist in Resources */,
				FAE262271F0D3F3300CE3551 /* Main.storyboard in Resources */,
			);
			runOnlyForDeploymentPostprocessing = 0;
		};
/* End PBXResourcesBuildPhase section */

/* Begin PBXShellScriptBuildPhase section */
		118BE3B3297742EBD8E60E2C /* [CP] Embed Pods Frameworks */ = {
			isa = PBXShellScriptBuildPhase;
			buildActionMask = 2147483647;
			files = (
			);
			inputPaths = (
			);
			name = "[CP] Embed Pods Frameworks";
			outputPaths = (
			);
			runOnlyForDeploymentPostprocessing = 0;
			shellPath = /bin/sh;
			shellScript = "\"${SRCROOT}/Pods/Target Support Files/Pods-Alarm App/Pods-Alarm App-frameworks.sh\"\n";
			showEnvVarsInLog = 0;
		};
		2E272C9E0F948E8C24241DA8 /* [CP] Check Pods Manifest.lock */ = {
			isa = PBXShellScriptBuildPhase;
			buildActionMask = 2147483647;
			files = (
			);
			inputPaths = (
			);
			name = "[CP] Check Pods Manifest.lock";
			outputPaths = (
			);
			runOnlyForDeploymentPostprocessing = 0;
			shellPath = /bin/sh;
			shellScript = "diff \"${PODS_PODFILE_DIR_PATH}/Podfile.lock\" \"${PODS_ROOT}/Manifest.lock\" > /dev/null\nif [ $? != 0 ] ; then\n    # print error to STDERR\n    echo \"error: The sandbox is not in sync with the Podfile.lock. Run 'pod install' or update your CocoaPods installation.\" >&2\n    exit 1\nfi\n";
			showEnvVarsInLog = 0;
		};
		FE93F92ADC886E8127451183 /* [CP] Copy Pods Resources */ = {
			isa = PBXShellScriptBuildPhase;
			buildActionMask = 2147483647;
			files = (
			);
			inputPaths = (
			);
			name = "[CP] Copy Pods Resources";
			outputPaths = (
			);
			runOnlyForDeploymentPostprocessing = 0;
			shellPath = /bin/sh;
			shellScript = "\"${SRCROOT}/Pods/Target Support Files/Pods-Alarm App/Pods-Alarm App-resources.sh\"\n";
			showEnvVarsInLog = 0;
		};
/* End PBXShellScriptBuildPhase section */

/* Begin PBXSourcesBuildPhase section */
		FAE2621A1F0D3F3300CE3551 /* Sources */ = {
			isa = PBXSourcesBuildPhase;
			buildActionMask = 2147483647;
			files = (
				FAE262421F0D4BE800CE3551 /* HomeViewController.swift in Sources */,
				FAE262521F0DC04A00CE3551 /* AnnounceTimeViewController.swift in Sources */,
				FAE262A61F0FF15800CE3551 /* EventsModel.swift in Sources */,
				FAE262221F0D3F3300CE3551 /* AppDelegate.swift in Sources */,
				FAE262401F0D4A7A00CE3551 /* InfoTableViewCell.swift in Sources */,
				FAE262491F0D79A000CE3551 /* AlarmService.swift in Sources */,
				FAE2623D1F0D4A4B00CE3551 /* AlarmTableViewCell.swift in Sources */,
				FAE262461F0D731E00CE3551 /* AlarmModel.swift in Sources */,
				FAE2624C1F0DBB9D00CE3551 /* SettingsViewController.swift in Sources */,
				FACD9B1A1F38BA2700DBED78 /* SpeechService.swift in Sources */,
			);
			runOnlyForDeploymentPostprocessing = 0;
		};
/* End PBXSourcesBuildPhase section */

/* Begin PBXVariantGroup section */
		FAE262251F0D3F3300CE3551 /* Main.storyboard */ = {
			isa = PBXVariantGroup;
			children = (
				FAE262261F0D3F3300CE3551 /* Base */,
			);
			name = Main.storyboard;
			sourceTree = "<group>";
		};
		FAE2622A1F0D3F3300CE3551 /* LaunchScreen.storyboard */ = {
			isa = PBXVariantGroup;
			children = (
				FAE2622B1F0D3F3300CE3551 /* Base */,
			);
			name = LaunchScreen.storyboard;
			sourceTree = "<group>";
		};
/* End PBXVariantGroup section */

/* Begin XCBuildConfiguration section */
		FAE2622E1F0D3F3300CE3551 /* Debug */ = {
			isa = XCBuildConfiguration;
			buildSettings = {
				ALWAYS_SEARCH_USER_PATHS = NO;
				CLANG_ANALYZER_NONNULL = YES;
				CLANG_ANALYZER_NUMBER_OBJECT_CONVERSION = YES_AGGRESSIVE;
				CLANG_CXX_LANGUAGE_STANDARD = "gnu++0x";
				CLANG_CXX_LIBRARY = "libc++";
				CLANG_ENABLE_MODULES = YES;
				CLANG_ENABLE_OBJC_ARC = YES;
				CLANG_WARN_BOOL_CONVERSION = YES;
				CLANG_WARN_CONSTANT_CONVERSION = YES;
				CLANG_WARN_DIRECT_OBJC_ISA_USAGE = YES_ERROR;
				CLANG_WARN_DOCUMENTATION_COMMENTS = YES;
				CLANG_WARN_EMPTY_BODY = YES;
				CLANG_WARN_ENUM_CONVERSION = YES;
				CLANG_WARN_INFINITE_RECURSION = YES;
				CLANG_WARN_INT_CONVERSION = YES;
				CLANG_WARN_OBJC_ROOT_CLASS = YES_ERROR;
				CLANG_WARN_SUSPICIOUS_MOVE = YES;
				CLANG_WARN_UNREACHABLE_CODE = YES;
				CLANG_WARN__DUPLICATE_METHOD_MATCH = YES;
				"CODE_SIGN_IDENTITY[sdk=iphoneos*]" = "iPhone Developer";
				COPY_PHASE_STRIP = NO;
				DEBUG_INFORMATION_FORMAT = dwarf;
				ENABLE_STRICT_OBJC_MSGSEND = YES;
				ENABLE_TESTABILITY = YES;
				GCC_C_LANGUAGE_STANDARD = gnu99;
				GCC_DYNAMIC_NO_PIC = NO;
				GCC_NO_COMMON_BLOCKS = YES;
				GCC_OPTIMIZATION_LEVEL = 0;
				GCC_PREPROCESSOR_DEFINITIONS = (
					"DEBUG=1",
					"$(inherited)",
				);
				GCC_WARN_64_TO_32_BIT_CONVERSION = YES;
				GCC_WARN_ABOUT_RETURN_TYPE = YES_ERROR;
				GCC_WARN_UNDECLARED_SELECTOR = YES;
				GCC_WARN_UNINITIALIZED_AUTOS = YES_AGGRESSIVE;
				GCC_WARN_UNUSED_FUNCTION = YES;
				GCC_WARN_UNUSED_VARIABLE = YES;
				IPHONEOS_DEPLOYMENT_TARGET = 10.3;
				MTL_ENABLE_DEBUG_INFO = YES;
				ONLY_ACTIVE_ARCH = YES;
				SDKROOT = iphoneos;
				SWIFT_ACTIVE_COMPILATION_CONDITIONS = DEBUG;
				SWIFT_OPTIMIZATION_LEVEL = "-Onone";
			};
			name = Debug;
		};
		FAE2622F1F0D3F3300CE3551 /* Release */ = {
			isa = XCBuildConfiguration;
			buildSettings = {
				ALWAYS_SEARCH_USER_PATHS = NO;
				CLANG_ANALYZER_NONNULL = YES;
				CLANG_ANALYZER_NUMBER_OBJECT_CONVERSION = YES_AGGRESSIVE;
				CLANG_CXX_LANGUAGE_STANDARD = "gnu++0x";
				CLANG_CXX_LIBRARY = "libc++";
				CLANG_ENABLE_MODULES = YES;
				CLANG_ENABLE_OBJC_ARC = YES;
				CLANG_WARN_BOOL_CONVERSION = YES;
				CLANG_WARN_CONSTANT_CONVERSION = YES;
				CLANG_WARN_DIRECT_OBJC_ISA_USAGE = YES_ERROR;
				CLANG_WARN_DOCUMENTATION_COMMENTS = YES;
				CLANG_WARN_EMPTY_BODY = YES;
				CLANG_WARN_ENUM_CONVERSION = YES;
				CLANG_WARN_INFINITE_RECURSION = YES;
				CLANG_WARN_INT_CONVERSION = YES;
				CLANG_WARN_OBJC_ROOT_CLASS = YES_ERROR;
				CLANG_WARN_SUSPICIOUS_MOVE = YES;
				CLANG_WARN_UNREACHABLE_CODE = YES;
				CLANG_WARN__DUPLICATE_METHOD_MATCH = YES;
				"CODE_SIGN_IDENTITY[sdk=iphoneos*]" = "iPhone Developer";
				COPY_PHASE_STRIP = NO;
				DEBUG_INFORMATION_FORMAT = "dwarf-with-dsym";
				ENABLE_NS_ASSERTIONS = NO;
				ENABLE_STRICT_OBJC_MSGSEND = YES;
				GCC_C_LANGUAGE_STANDARD = gnu99;
				GCC_NO_COMMON_BLOCKS = YES;
				GCC_WARN_64_TO_32_BIT_CONVERSION = YES;
				GCC_WARN_ABOUT_RETURN_TYPE = YES_ERROR;
				GCC_WARN_UNDECLARED_SELECTOR = YES;
				GCC_WARN_UNINITIALIZED_AUTOS = YES_AGGRESSIVE;
				GCC_WARN_UNUSED_FUNCTION = YES;
				GCC_WARN_UNUSED_VARIABLE = YES;
				IPHONEOS_DEPLOYMENT_TARGET = 10.3;
				MTL_ENABLE_DEBUG_INFO = NO;
				SDKROOT = iphoneos;
				SWIFT_OPTIMIZATION_LEVEL = "-Owholemodule";
				VALIDATE_PRODUCT = YES;
			};
			name = Release;
		};
		FAE262311F0D3F3300CE3551 /* Debug */ = {
			isa = XCBuildConfiguration;
			baseConfigurationReference = 90A82FF672F57B42EE95A2BB /* Pods-Alarm App.debug.xcconfig */;
			buildSettings = {
				ASSETCATALOG_COMPILER_APPICON_NAME = AppIcon;
				DEVELOPMENT_TEAM = B8LC78N529;
				INFOPLIST_FILE = "Alarm App/Info.plist";
				LD_RUNPATH_SEARCH_PATHS = "$(inherited) @executable_path/Frameworks";
				PRODUCT_BUNDLE_IDENTIFIER = "com.makeschool.Alarm-App";
				PRODUCT_NAME = "$(TARGET_NAME)";
				SWIFT_VERSION = 3.0;
			};
			name = Debug;
		};
		FAE262321F0D3F3300CE3551 /* Release */ = {
			isa = XCBuildConfiguration;
			baseConfigurationReference = E48358237624904E0971BDF9 /* Pods-Alarm App.release.xcconfig */;
			buildSettings = {
				ASSETCATALOG_COMPILER_APPICON_NAME = AppIcon;
				DEVELOPMENT_TEAM = B8LC78N529;
				INFOPLIST_FILE = "Alarm App/Info.plist";
				LD_RUNPATH_SEARCH_PATHS = "$(inherited) @executable_path/Frameworks";
				PRODUCT_BUNDLE_IDENTIFIER = "com.makeschool.Alarm-App";
				PRODUCT_NAME = "$(TARGET_NAME)";
				SWIFT_VERSION = 3.0;
			};
			name = Release;
		};
/* End XCBuildConfiguration section */

/* Begin XCConfigurationList section */
		FAE262191F0D3F3300CE3551 /* Build configuration list for PBXProject "Alarm App" */ = {
			isa = XCConfigurationList;
			buildConfigurations = (
				FAE2622E1F0D3F3300CE3551 /* Debug */,
				FAE2622F1F0D3F3300CE3551 /* Release */,
			);
			defaultConfigurationIsVisible = 0;
			defaultConfigurationName = Release;
		};
		FAE262301F0D3F3300CE3551 /* Build configuration list for PBXNativeTarget "Alarm App" */ = {
			isa = XCConfigurationList;
			buildConfigurations = (
				FAE262311F0D3F3300CE3551 /* Debug */,
				FAE262321F0D3F3300CE3551 /* Release */,
			);
			defaultConfigurationIsVisible = 0;
			defaultConfigurationName = Release;
		};
/* End XCConfigurationList section */
	};
	rootObject = FAE262161F0D3F3300CE3551 /* Project object */;
}
